
Microsoft Visual Studio Solution File, Format Version 12.00
# Visual Studio 15
VisualStudioVersion = 15.0.28307.168
MinimumVisualStudioVersion = 10.0.40219.1
Project("{FAE04EC0-301F-11D3-BF4B-00C04F79EFBC}") = "TopDecks.Api.Core", "TopDecks.Api.Core\TopDecks.Api.Core.csproj", "{E73A35CD-E3B3-410B-977C-92D9BAE8B66B}"
EndProject
Project("{FAE04EC0-301F-11D3-BF4B-00C04F79EFBC}") = "TopDecks.Api.Domain", "TopDecks.Api.Domain\TopDecks.Api.Domain.csproj", "{3823819B-2311-4DDE-B2B7-4A2B2FDDC9B8}"
EndProject
Project("{9A19103F-16F7-4668-BE54-9A1E7A4F7556}") = "TopDecks.Api.Service", "TopDecks.Api.Service\TopDecks.Api.Service.csproj", "{19924027-288D-47E2-AD70-59FEE6167A66}"
EndProject
Project("{FAE04EC0-301F-11D3-BF4B-00C04F79EFBC}") = "TopDecks.MongoDB.Migrations", "TopDecks.MongoDB.Migrations\TopDecks.MongoDB.Migrations.csproj", "{EB98A323-B4C8-4B06-AC38-8A158EA220CC}"
EndProject
Global
	GlobalSection(SolutionConfigurationPlatforms) = preSolution
		Debug|Any CPU = Debug|Any CPU
		Release|Any CPU = Release|Any CPU
	EndGlobalSection
	GlobalSection(ProjectConfigurationPlatforms) = postSolution
		{E73A35CD-E3B3-410B-977C-92D9BAE8B66B}.Debug|Any CPU.ActiveCfg = Debug|Any CPU
		{E73A35CD-E3B3-410B-977C-92D9BAE8B66B}.Debug|Any CPU.Build.0 = Debug|Any CPU
		{E73A35CD-E3B3-410B-977C-92D9BAE8B66B}.Release|Any CPU.ActiveCfg = Release|Any CPU
		{E73A35CD-E3B3-410B-977C-92D9BAE8B66B}.Release|Any CPU.Build.0 = Release|Any CPU
		{3823819B-2311-4DDE-B2B7-4A2B2FDDC9B8}.Debug|Any CPU.ActiveCfg = Debug|Any CPU
		{3823819B-2311-4DDE-B2B7-4A2B2FDDC9B8}.Debug|Any CPU.Build.0 = Debug|Any CPU
		{3823819B-2311-4DDE-B2B7-4A2B2FDDC9B8}.Release|Any CPU.ActiveCfg = Release|Any CPU
		{3823819B-2311-4DDE-B2B7-4A2B2FDDC9B8}.Release|Any CPU.Build.0 = Release|Any CPU
		{19924027-288D-47E2-AD70-59FEE6167A66}.Debug|Any CPU.ActiveCfg = Debug|Any CPU
		{19924027-288D-47E2-AD70-59FEE6167A66}.Debug|Any CPU.Build.0 = Debug|Any CPU
		{19924027-288D-47E2-AD70-59FEE6167A66}.Release|Any CPU.ActiveCfg = Release|Any CPU
		{19924027-288D-47E2-AD70-59FEE6167A66}.Release|Any CPU.Build.0 = Release|Any CPU
		{EB98A323-B4C8-4B06-AC38-8A158EA220CC}.Debug|Any CPU.ActiveCfg = Debug|Any CPU
		{EB98A323-B4C8-4B06-AC38-8A158EA220CC}.Debug|Any CPU.Build.0 = Debug|Any CPU
		{EB98A323-B4C8-4B06-AC38-8A158EA220CC}.Release|Any CPU.ActiveCfg = Release|Any CPU
		{EB98A323-B4C8-4B06-AC38-8A158EA220CC}.Release|Any CPU.Build.0 = Release|Any CPU
	EndGlobalSection
	GlobalSection(SolutionProperties) = preSolution
		HideSolutionNode = FALSE
	EndGlobalSection
	GlobalSection(ExtensibilityGlobals) = postSolution
		SolutionGuid = {C5981AD0-C8A7-419A-8BDF-B495624F7292}
	EndGlobalSection
EndGlobal
